
Microsoft Visual Studio Solution File, Format Version 12.00
# Visual Studio Version 17
VisualStudioVersion = 17.1.32414.318
MinimumVisualStudioVersion = 10.0.40219.1
Project("{9A19103F-16F7-4668-BE54-9A1E7A4F7556}") = "RazorPagesGeneral", "RazorPagesGeneral\RazorPagesGeneral.csproj", "{656128F1-6F6A-40BC-B9E6-98F990F596EF}"
EndProject
Project("{9A19103F-16F7-4668-BE54-9A1E7A4F7556}") = "RazorPagesGeneral.Models", "RazorPagesGeneral.Models\RazorPagesGeneral.Models.csproj", "{C04E310A-EE75-45D7-8502-1B075A966231}"
EndProject
Project("{FAE04EC0-301F-11D3-BF4B-00C04F79EFBC}") = "RazorPagesGeneral.Services", "RazorPagesGeneral.Services\RazorPagesGeneral.Services.csproj", "{C8738BEC-079E-4A18-97B4-0E917E71D199}"
EndProject
Global
	GlobalSection(SolutionConfigurationPlatforms) = preSolution
		Debug|Any CPU = Debug|Any CPU
		Release|Any CPU = Release|Any CPU
	EndGlobalSection
	GlobalSection(ProjectConfigurationPlatforms) = postSolution
		{656128F1-6F6A-40BC-B9E6-98F990F596EF}.Debug|Any CPU.ActiveCfg = Debug|Any CPU
		{656128F1-6F6A-40BC-B9E6-98F990F596EF}.Debug|Any CPU.Build.0 = Debug|Any CPU
		{656128F1-6F6A-40BC-B9E6-98F990F596EF}.Release|Any CPU.ActiveCfg = Release|Any CPU
		{656128F1-6F6A-40BC-B9E6-98F990F596EF}.Release|Any CPU.Build.0 = Release|Any CPU
		{C04E310A-EE75-45D7-8502-1B075A966231}.Debug|Any CPU.ActiveCfg = Debug|Any CPU
		{C04E310A-EE75-45D7-8502-1B075A966231}.Debug|Any CPU.Build.0 = Debug|Any CPU
		{C04E310A-EE75-45D7-8502-1B075A966231}.Release|Any CPU.ActiveCfg = Release|Any CPU
		{C04E310A-EE75-45D7-8502-1B075A966231}.Release|Any CPU.Build.0 = Release|Any CPU
		{C8738BEC-079E-4A18-97B4-0E917E71D199}.Debug|Any CPU.ActiveCfg = Debug|Any CPU
		{C8738BEC-079E-4A18-97B4-0E917E71D199}.Debug|Any CPU.Build.0 = Debug|Any CPU
		{C8738BEC-079E-4A18-97B4-0E917E71D199}.Release|Any CPU.ActiveCfg = Release|Any CPU
		{C8738BEC-079E-4A18-97B4-0E917E71D199}.Release|Any CPU.Build.0 = Release|Any CPU
	EndGlobalSection
	GlobalSection(SolutionProperties) = preSolution
		HideSolutionNode = FALSE
	EndGlobalSection
	GlobalSection(ExtensibilityGlobals) = postSolution
		SolutionGuid = {E41F8A9F-6D5F-48AD-B943-41C4F0016162}
	EndGlobalSection
EndGlobal
